<?xml version="1.0" encoding="utf-8"?>
<Project ToolsVersion="4.0" xmlns="http://schemas.microsoft.com/developer/msbuild/2003">
  <ItemGroup>
    <Filter Include="Source Files">
      <UniqueIdentifier>{4FC737F1-C7A5-4376-A066-2A32D752A2FF}</UniqueIdentifier>
      <Extensions>cpp;c;cc;cxx;def;odl;idl;hpj;bat;asm;asmx</Extensions>
    </Filter>
    <Filter Include="Header Files">
      <UniqueIdentifier>{93995380-89BD-4b04-88EB-625FBE52EBFB}</UniqueIdentifier>
      <Extensions>h;hpp;hxx;hm;inl;inc;xsd</Extensions>
    </Filter>
    <Filter Include="Resource Files">
      <UniqueIdentifier>{67DA6AB6-F800-4c08-8B7A-83BB121AAD01}</UniqueIdentifier>
      <Extensions>rc;ico;cur;bmp;dlg;rc2;rct;bin;rgs;gif;jpg;jpeg;jpe;resx;tiff;tif;png;wav;mfcribbon-ms</Extensions>
    </Filter>
    <Filter Include="Driver Files">
      <UniqueIdentifier>{8E41214B-6785-4CFE-B992-037D68949A14}</UniqueIdentifier>
      <Extensions>inf;inv;inx;mof;mc;</Extensions>
    </Filter>
    <Filter Include="Source Files\process">
      <UniqueIdentifier>{240b1913-0d82-4a15-98c3-a6d9ee3b5961}</UniqueIdentifier>
    </Filter>
    <Filter Include="Source Files\handles">
      <UniqueIdentifier>{9f1a457b-6777-411a-9585-d214d1d371db}</UniqueIdentifier>
    </Filter>
    <Filter Include="Source Files\registers">
      <UniqueIdentifier>{27290ff4-7df5-4e4d-938d-c62f63667bf8}</UniqueIdentifier>
    </Filter>
  </ItemGroup>
  <ItemGroup>
    <None Include="ReadMe.txt" />
  </ItemGroup>
  <ItemGroup>
    <Inf Include="KMHelper.inf">
      <Filter>Driver Files</Filter>
    </Inf>
  </ItemGroup>
  <ItemGroup>
    <ClInclude Include="Driver.h">
      <Filter>Header Files</Filter>
    </ClInclude>
    <ClInclude Include="Public.h">
      <Filter>Header Files</Filter>
    </ClInclude>
    <ClInclude Include="routines.h">
      <Filter>Header Files</Filter>
    </ClInclude>
    <ClInclude Include="portable.h">
      <Filter>Header Files</Filter>
    </ClInclude>
  </ItemGroup>
  <ItemGroup>
    <ClCompile Include="DriverUnload.c">
      <Filter>Source Files</Filter>
    </ClCompile>
    <ClCompile Include="DriverEntry.c">
      <Filter>Source Files</Filter>
    </ClCompile>
    <ClCompile Include="DriverDispatch.c">
      <Filter>Source Files</Filter>
    </ClCompile>
    <ClCompile Include="InitVersionSpecificData.c">
      <Filter>Source Files\handles</Filter>
    </ClCompile>
    <ClCompile Include="LookUpHandleTableEntries.c">
      <Filter>Source Files\handles</Filter>
    </ClCompile>
    <ClCompile Include="elevateHandles.c">
      <Filter>Source Files\handles</Filter>
    </ClCompile>
    <ClCompile Include="openProcess.c">
      <Filter>Source Files\handles</Filter>
    </ClCompile>
    <ClCompile Include="control_registers.c">
      <Filter>Source Files\registers</Filter>
    </ClCompile>
    <ClCompile Include="msr_registers.c">
      <Filter>Source Files\registers</Filter>
    </ClCompile>
  </ItemGroup>
  <ItemGroup>
    <Text Include="Learn.txt" />
  </ItemGroup>
</Project>